
Microsoft Visual Studio Solution File, Format Version 12.00
# Visual Studio 15
VisualStudioVersion = 15.0.28307.421
MinimumVisualStudioVersion = 10.0.40219.1
Project("{8BC9CEB8-8B4A-11D0-8D11-00A0C91BC942}") = "amanda.device", "amanda.device\amanda.device.vcxproj", "{C5F80730-F44F-4478-BDAE-6634EFC2CA88}"
EndProject
Project("{8BC9CEB8-8B4A-11D0-8D11-00A0C91BC942}") = "amanda.tests", "amanda.tests\amanda.tests.vcxproj", "{4F9FCFC0-1F81-4123-A9F9-483B9460C92E}"
EndProject
Project("{8BC9CEB8-8B4A-11D0-8D11-00A0C91BC942}") = "amanda.concepts", "amanda.concepts\amanda.concepts.vcxitems", "{9F09B42A-A1E4-4559-893E-0481F5F1134E}"
EndProject
Project("{8BC9CEB8-8B4A-11D0-8D11-00A0C91BC942}") = "amanda.suit", "amanda.suit\amanda.suit.vcxitems", "{8AEF3798-47F6-4DEA-87EC-AC9606283FC2}"
EndProject
Project("{8BC9CEB8-8B4A-11D0-8D11-00A0C91BC942}") = "amanda.core", "amanda.core\amanda.core.vcxitems", "{36479474-7F7E-4A27-B89B-BCC75F804EA9}"
EndProject
Global
	GlobalSection(SharedMSBuildProjectFiles) = preSolution
		amanda.core\amanda.core.vcxitems*{36479474-7f7e-4a27-b89b-bcc75f804ea9}*SharedItemsImports = 9
		amanda.concepts\amanda.concepts.vcxitems*{4f9fcfc0-1f81-4123-a9f9-483b9460c92e}*SharedItemsImports = 4
		amanda.suit\amanda.suit.vcxitems*{4f9fcfc0-1f81-4123-a9f9-483b9460c92e}*SharedItemsImports = 4
		amanda.suit\amanda.suit.vcxitems*{8aef3798-47f6-4dea-87ec-ac9606283fc2}*SharedItemsImports = 9
		amanda.concepts\amanda.concepts.vcxitems*{9f09b42a-a1e4-4559-893e-0481f5f1134e}*SharedItemsImports = 9
		amanda.concepts\amanda.concepts.vcxitems*{c5f80730-f44f-4478-bdae-6634efc2ca88}*SharedItemsImports = 4
		amanda.core\amanda.core.vcxitems*{c5f80730-f44f-4478-bdae-6634efc2ca88}*SharedItemsImports = 4
	EndGlobalSection
	GlobalSection(SolutionConfigurationPlatforms) = preSolution
		Debug|x64 = Debug|x64
		Debug|x86 = Debug|x86
		Release|x64 = Release|x64
		Release|x86 = Release|x86
	EndGlobalSection
	GlobalSection(ProjectConfigurationPlatforms) = postSolution
		{C5F80730-F44F-4478-BDAE-6634EFC2CA88}.Debug|x64.ActiveCfg = Debug|Win32
		{C5F80730-F44F-4478-BDAE-6634EFC2CA88}.Debug|x86.ActiveCfg = Debug|Win32
		{C5F80730-F44F-4478-BDAE-6634EFC2CA88}.Debug|x86.Build.0 = Debug|Win32
		{C5F80730-F44F-4478-BDAE-6634EFC2CA88}.Release|x64.ActiveCfg = Release|Win32
		{C5F80730-F44F-4478-BDAE-6634EFC2CA88}.Release|x86.ActiveCfg = Release|Win32
		{C5F80730-F44F-4478-BDAE-6634EFC2CA88}.Release|x86.Build.0 = Release|Win32
		{4F9FCFC0-1F81-4123-A9F9-483B9460C92E}.Debug|x64.ActiveCfg = Debug|x64
		{4F9FCFC0-1F81-4123-A9F9-483B9460C92E}.Debug|x64.Build.0 = Debug|x64
		{4F9FCFC0-1F81-4123-A9F9-483B9460C92E}.Debug|x86.ActiveCfg = Debug|Win32
		{4F9FCFC0-1F81-4123-A9F9-483B9460C92E}.Debug|x86.Build.0 = Debug|Win32
		{4F9FCFC0-1F81-4123-A9F9-483B9460C92E}.Release|x64.ActiveCfg = Release|x64
		{4F9FCFC0-1F81-4123-A9F9-483B9460C92E}.Release|x64.Build.0 = Release|x64
		{4F9FCFC0-1F81-4123-A9F9-483B9460C92E}.Release|x86.ActiveCfg = Release|Win32
		{4F9FCFC0-1F81-4123-A9F9-483B9460C92E}.Release|x86.Build.0 = Release|Win32
	EndGlobalSection
	GlobalSection(SolutionProperties) = preSolution
		HideSolutionNode = FALSE
	EndGlobalSection
	GlobalSection(ExtensibilityGlobals) = postSolution
		SolutionGuid = {2AB731E0-6816-47DD-B717-B0B132F773DF}
	EndGlobalSection
EndGlobal
