<?xml version="1.0" encoding="utf-8"?>
<Project ToolsVersion="12.0" xmlns="http://schemas.microsoft.com/developer/msbuild/2003">
  <ItemGroup>
    <Text Include="$(MSBuildThisFileDirectory)library.properties" />
  </ItemGroup>
  <ItemGroup>
    <ClCompile Include="$(MSBuildThisFileDirectory)system.cpp" />
    <ClCompile Include="$(MSBuildThisFileDirectory)thread.cpp" />
    <ClCompile Include="$(MSBuildThisFileDirectory)schedulers\fifo.cpp" />
    <ClCompile Include="$(MSBuildThisFileDirectory)schedulers\scheduler.cpp" />
    <ClCompile Include="$(MSBuildThisFileDirectory)synchronization\semaphore.cpp" />
  </ItemGroup>
  <ItemGroup>
    <ClInclude Include="$(MSBuildThisFileDirectory)system.h" />
    <ClInclude Include="$(MSBuildThisFileDirectory)thread.h" />
    <ClInclude Include="$(MSBuildThisFileDirectory)schedulers\fifo.h" />
    <ClInclude Include="$(MSBuildThisFileDirectory)schedulers\scheduler.h" />
    <ClInclude Include="$(MSBuildThisFileDirectory)synchronization\semaphore.h" />
  </ItemGroup>
</Project>