<?xml version="1.0" encoding="utf-8"?>
<Project ToolsVersion="4.0" xmlns="http://schemas.microsoft.com/developer/msbuild/2003">
  <ItemGroup>
    <ClInclude Include="__vm\.amanda.device.vsarduino.h" />
    <ClInclude Include="xml\tinystr.h" />
    <ClInclude Include="xml\tinyxml.h" />
    <ClInclude Include="xml\api.h" />
    <ClInclude Include="hardware\components\abstraction\component.h" />
    <ClInclude Include="hardware\components\abstraction\element.h" />
    <ClInclude Include="hardware\components\abstraction\sensor.h" />
    <ClInclude Include="hardware\components\btn.h" />
    <ClInclude Include="hardware\components\led.h" />
    <ClInclude Include="hardware\components\lmp.h" />
  </ItemGroup>
  <ItemGroup>
    <None Include="amanda.device.ino" />
    <None Include="xml\Makefile" />
  </ItemGroup>
  <ItemGroup>
    <ClCompile Include="xml\tinystr.cpp" />
    <ClCompile Include="xml\tinyxml.cpp" />
    <ClCompile Include="xml\tinyxmlerror.cpp" />
    <ClCompile Include="xml\tinyxmlparser.cpp" />
    <ClCompile Include="hardware\components\abstraction\component.cpp" />
    <ClCompile Include="hardware\components\abstraction\element.cpp" />
    <ClCompile Include="hardware\components\abstraction\sensor.cpp" />
    <ClCompile Include="hardware\components\btn.cpp" />
    <ClCompile Include="hardware\components\led.cpp" />
    <ClCompile Include="xml\api.cpp" />
    <ClCompile Include="hardware\components\lmp.cpp" />
  </ItemGroup>
</Project>