<?xml version="1.0" encoding="utf-8"?>
<Project ToolsVersion="4.0" xmlns="http://schemas.microsoft.com/developer/msbuild/2003">
  <ItemGroup>
    <ClCompile Include="program.cpp" />
    <ClCompile Include="tests\t_events.cpp" />
    <ClCompile Include="tests\t_exceptions.cpp" />
    <ClCompile Include="tests\t_list_coord.cpp" />
    <ClCompile Include="tests\t_list_int.cpp" />
    <ClCompile Include="tests\t_qbuffer_int.cpp" />
    <ClCompile Include="tests\t_type_traits.cpp" />
    <ClCompile Include="tests\t_vector_coord.cpp" />
    <ClCompile Include="tests\t_vector_int.cpp" />
    <ClCompile Include="tests\t_raii.cpp" />
  </ItemGroup>
  <ItemGroup>
    <None Include="test.bat" />
  </ItemGroup>
</Project>